
Microsoft Visual Studio Solution File, Format Version 12.00
# Visual Studio Version 16
VisualStudioVersion = 16.0.33130.400
MinimumVisualStudioVersion = 10.0.40219.1
Project("{FAE04EC0-301F-11D3-BF4B-00C04F79EFBC}") = "PrjEcommerceNeidinha", "PrjEcommerceNeidinha\PrjEcommerceNeidinha.csproj", "{0F6B596A-AD54-4330-AAA8-CFB52483E756}"
EndProject
Global
	GlobalSection(SolutionConfigurationPlatforms) = preSolution
		Debug|Any CPU = Debug|Any CPU
		Release|Any CPU = Release|Any CPU
	EndGlobalSection
	GlobalSection(ProjectConfigurationPlatforms) = postSolution
		{0F6B596A-AD54-4330-AAA8-CFB52483E756}.Debug|Any CPU.ActiveCfg = Debug|Any CPU
		{0F6B596A-AD54-4330-AAA8-CFB52483E756}.Debug|Any CPU.Build.0 = Debug|Any CPU
		{0F6B596A-AD54-4330-AAA8-CFB52483E756}.Release|Any CPU.ActiveCfg = Release|Any CPU
		{0F6B596A-AD54-4330-AAA8-CFB52483E756}.Release|Any CPU.Build.0 = Release|Any CPU
	EndGlobalSection
	GlobalSection(SolutionProperties) = preSolution
		HideSolutionNode = FALSE
	EndGlobalSection
	GlobalSection(ExtensibilityGlobals) = postSolution
		SolutionGuid = {A2A9BD2E-771D-40CE-A3C4-89C573C417B8}
	EndGlobalSection
EndGlobal
